
Microsoft Visual Studio Solution File, Format Version 12.00
# Visual Studio 15
VisualStudioVersion = 15.0.28307.539
MinimumVisualStudioVersion = 10.0.40219.1
Project("{FAE04EC0-301F-11D3-BF4B-00C04F79EFBC}") = "CircularButton", "CircularButton\CircularButton.csproj", "{A17F3C57-12C9-41FB-9017-215C4871C00A}"
EndProject
Global
	GlobalSection(SolutionConfigurationPlatforms) = preSolution
		Debug|Any CPU = Debug|Any CPU
		Release|Any CPU = Release|Any CPU
	EndGlobalSection
	GlobalSection(ProjectConfigurationPlatforms) = postSolution
		{A17F3C57-12C9-41FB-9017-215C4871C00A}.Debug|Any CPU.ActiveCfg = Debug|Any CPU
		{A17F3C57-12C9-41FB-9017-215C4871C00A}.Debug|Any CPU.Build.0 = Debug|Any CPU
		{A17F3C57-12C9-41FB-9017-215C4871C00A}.Release|Any CPU.ActiveCfg = Release|Any CPU
		{A17F3C57-12C9-41FB-9017-215C4871C00A}.Release|Any CPU.Build.0 = Release|Any CPU
	EndGlobalSection
	GlobalSection(SolutionProperties) = preSolution
		HideSolutionNode = FALSE
	EndGlobalSection
	GlobalSection(ExtensibilityGlobals) = postSolution
		SolutionGuid = {0FF93A19-C307-489B-A79F-A02B9881698A}
	EndGlobalSection
EndGlobal
